
Microsoft Visual Studio Solution File, Format Version 12.00
# Visual Studio Version 17
VisualStudioVersion = 17.3.32929.385
MinimumVisualStudioVersion = 10.0.40219.1
Project("{FAE04EC0-301F-11D3-BF4B-00C04F79EFBC}") = "ClassRoom", "ClassRoom.csproj", "{5394DA4F-0065-4AEE-92CE-D9219A4B1D20}"
EndProject
Global
	GlobalSection(SolutionConfigurationPlatforms) = preSolution
		Debug|Any CPU = Debug|Any CPU
		Release|Any CPU = Release|Any CPU
	EndGlobalSection
	GlobalSection(ProjectConfigurationPlatforms) = postSolution
		{5394DA4F-0065-4AEE-92CE-D9219A4B1D20}.Debug|Any CPU.ActiveCfg = Debug|Any CPU
		{5394DA4F-0065-4AEE-92CE-D9219A4B1D20}.Debug|Any CPU.Build.0 = Debug|Any CPU
		{5394DA4F-0065-4AEE-92CE-D9219A4B1D20}.Release|Any CPU.ActiveCfg = Release|Any CPU
		{5394DA4F-0065-4AEE-92CE-D9219A4B1D20}.Release|Any CPU.Build.0 = Release|Any CPU
	EndGlobalSection
	GlobalSection(SolutionProperties) = preSolution
		HideSolutionNode = FALSE
	EndGlobalSection
	GlobalSection(ExtensibilityGlobals) = postSolution
		SolutionGuid = {FE83DE30-A989-4A13-8295-B5AE4E433FAF}
	EndGlobalSection
EndGlobal
