
Microsoft Visual Studio Solution File, Format Version 12.00
# Visual Studio Version 17
VisualStudioVersion = 17.3.32929.385
MinimumVisualStudioVersion = 10.0.40219.1
Project("{FAE04EC0-301F-11D3-BF4B-00C04F79EFBC}") = "Printer", "Printer.csproj", "{A52CA827-2B64-4001-8B4E-ED9501BDCAAA}"
EndProject
Global
	GlobalSection(SolutionConfigurationPlatforms) = preSolution
		Debug|Any CPU = Debug|Any CPU
		Release|Any CPU = Release|Any CPU
	EndGlobalSection
	GlobalSection(ProjectConfigurationPlatforms) = postSolution
		{A52CA827-2B64-4001-8B4E-ED9501BDCAAA}.Debug|Any CPU.ActiveCfg = Debug|Any CPU
		{A52CA827-2B64-4001-8B4E-ED9501BDCAAA}.Debug|Any CPU.Build.0 = Debug|Any CPU
		{A52CA827-2B64-4001-8B4E-ED9501BDCAAA}.Release|Any CPU.ActiveCfg = Release|Any CPU
		{A52CA827-2B64-4001-8B4E-ED9501BDCAAA}.Release|Any CPU.Build.0 = Release|Any CPU
	EndGlobalSection
	GlobalSection(SolutionProperties) = preSolution
		HideSolutionNode = FALSE
	EndGlobalSection
	GlobalSection(ExtensibilityGlobals) = postSolution
		SolutionGuid = {A768175F-EEF9-43F3-BB3E-8F5A0431FDBA}
	EndGlobalSection
EndGlobal
